// !$*UTF8*$!
{
	archiveVersion = 1;
	classes = {
	};
	objectVersion = 56;
	objects = {

/* Begin PBXBuildFile section */
		DBBD6DEA28DA61BD00FFDE59 /* AppDelegate.swift in Sources */ = {isa = PBXBuildFile; fileRef = DBBD6DE928DA61BD00FFDE59 /* AppDelegate.swift */; };
		DBBD6DEC28DA61BD00FFDE59 /* SceneDelegate.swift in Sources */ = {isa = PBXBuildFile; fileRef = DBBD6DEB28DA61BD00FFDE59 /* SceneDelegate.swift */; };
		DBBD6DEE28DA61BD00FFDE59 /* ViewController.swift in Sources */ = {isa = PBXBuildFile; fileRef = DBBD6DED28DA61BD00FFDE59 /* ViewController.swift */; };
		DBBD6DF128DA61BD00FFDE59 /* Main.storyboard in Resources */ = {isa = PBXBuildFile; fileRef = DBBD6DEF28DA61BD00FFDE59 /* Main.storyboard */; };
		DBBD6DF328DA61BE00FFDE59 /* Assets.xcassets in Resources */ = {isa = PBXBuildFile; fileRef = DBBD6DF228DA61BE00FFDE59 /* Assets.xcassets */; };
		DBBD6DF628DA61BE00FFDE59 /* LaunchScreen.storyboard in Resources */ = {isa = PBXBuildFile; fileRef = DBBD6DF428DA61BE00FFDE59 /* LaunchScreen.storyboard */; };
		DBBD6DFE28DA632B00FFDE59 /* SWAPI_Helper.swift in Sources */ = {isa = PBXBuildFile; fileRef = DBBD6DFD28DA632B00FFDE59 /* SWAPI_Helper.swift */; };
/* End PBXBuildFile section */

/* Begin PBXFileReference section */
		DBBD6DE628DA61BD00FFDE59 /* swapi.app */ = {isa = PBXFileReference; explicitFileType = wrapper.application; includeInIndex = 0; path = swapi.app; sourceTree = BUILT_PRODUCTS_DIR; };
		DBBD6DE928DA61BD00FFDE59 /* AppDelegate.swift */ = {isa = PBXFileReference; lastKnownFileType = sourcecode.swift; path = AppDelegate.swift; sourceTree = "<group>"; };
		DBBD6DEB28DA61BD00FFDE59 /* SceneDelegate.swift */ = {isa = PBXFileReference; lastKnownFileType = sourcecode.swift; path = SceneDelegate.swift; sourceTree = "<group>"; };
		DBBD6DED28DA61BD00FFDE59 /* ViewController.swift */ = {isa = PBXFileReference; lastKnownFileType = sourcecode.swift; path = ViewController.swift; sourceTree = "<group>"; };
		DBBD6DF028DA61BD00FFDE59 /* Base */ = {isa = PBXFileReference; lastKnownFileType = file.storyboard; name = Base; path = Base.lproj/Main.storyboard; sourceTree = "<group>"; };
		DBBD6DF228DA61BE00FFDE59 /* Assets.xcassets */ = {isa = PBXFileReference; lastKnownFileType = folder.assetcatalog; path = Assets.xcassets; sourceTree = "<group>"; };
		DBBD6DF528DA61BE00FFDE59 /* Base */ = {isa = PBXFileReference; lastKnownFileType = file.storyboard; name = Base; path = Base.lproj/LaunchScreen.storyboard; sourceTree = "<group>"; };
		DBBD6DF728DA61BE00FFDE59 /* Info.plist */ = {isa = PBXFileReference; lastKnownFileType = text.plist.xml; path = Info.plist; sourceTree = "<group>"; };
		DBBD6DFD28DA632B00FFDE59 /* SWAPI_Helper.swift */ = {isa = PBXFileReference; lastKnownFileType = sourcecode.swift; path = SWAPI_Helper.swift; sourceTree = "<group>"; };
/* End PBXFileReference section */

/* Begin PBXFrameworksBuildPhase section */
		DBBD6DE328DA61BD00FFDE59 /* Frameworks */ = {
			isa = PBXFrameworksBuildPhase;
			buildActionMask = 2147483647;
			files = (
			);
			runOnlyForDeploymentPostprocessing = 0;
		};
/* End PBXFrameworksBuildPhase section */

/* Begin PBXGroup section */
		DBBD6DDD28DA61BD00FFDE59 = {
			isa = PBXGroup;
			children = (
				DBBD6DE828DA61BD00FFDE59 /* swapi */,
				DBBD6DE728DA61BD00FFDE59 /* Products */,
			);
			sourceTree = "<group>";
		};
		DBBD6DE728DA61BD00FFDE59 /* Products */ = {
			isa = PBXGroup;
			children = (
				DBBD6DE628DA61BD00FFDE59 /* swapi.app */,
			);
			name = Products;
			sourceTree = "<group>";
		};
		DBBD6DE828DA61BD00FFDE59 /* swapi */ = {
			isa = PBXGroup;
			children = (
				DBBD6DE928DA61BD00FFDE59 /* AppDelegate.swift */,
				DBBD6DEB28DA61BD00FFDE59 /* SceneDelegate.swift */,
				DBBD6DED28DA61BD00FFDE59 /* ViewController.swift */,
				DBBD6DFD28DA632B00FFDE59 /* SWAPI_Helper.swift */,
				DBBD6DEF28DA61BD00FFDE59 /* Main.storyboard */,
				DBBD6DF228DA61BE00FFDE59 /* Assets.xcassets */,
				DBBD6DF428DA61BE00FFDE59 /* LaunchScreen.storyboard */,
				DBBD6DF728DA61BE00FFDE59 /* Info.plist */,
			);
			path = swapi;
			sourceTree = "<group>";
		};
/* End PBXGroup section */

/* Begin PBXNativeTarget section */
		DBBD6DE528DA61BD00FFDE59 /* swapi */ = {
			isa = PBXNativeTarget;
			buildConfigurationList = DBBD6DFA28DA61BE00FFDE59 /* Build configuration list for PBXNativeTarget "swapi" */;
			buildPhases = (
				DBBD6DE228DA61BD00FFDE59 /* Sources */,
				DBBD6DE328DA61BD00FFDE59 /* Frameworks */,
				DBBD6DE428DA61BD00FFDE59 /* Resources */,
			);
			buildRules = (
			);
			dependencies = (
			);
			name = swapi;
			productName = swapi;
			productReference = DBBD6DE628DA61BD00FFDE59 /* swapi.app */;
			productType = "com.apple.product-type.application";
		};
/* End PBXNativeTarget section */

/* Begin PBXProject section */
		DBBD6DDE28DA61BD00FFDE59 /* Project object */ = {
			isa = PBXProject;
			attributes = {
				BuildIndependentTargetsInParallel = 1;
				LastSwiftUpdateCheck = 1400;
				LastUpgradeCheck = 1400;
				TargetAttributes = {
					DBBD6DE528DA61BD00FFDE59 = {
						CreatedOnToolsVersion = 14.0;
					};
				};
			};
			buildConfigurationList = DBBD6DE128DA61BD00FFDE59 /* Build configuration list for PBXProject "swapi" */;
			compatibilityVersion = "Xcode 14.0";
			developmentRegion = en;
			hasScannedForEncodings = 0;
			knownRegions = (
				en,
				Base,
			);
			mainGroup = DBBD6DDD28DA61BD00FFDE59;
			productRefGroup = DBBD6DE728DA61BD00FFDE59 /* Products */;
			projectDirPath = "";
			projectRoot = "";
			targets = (
				DBBD6DE528DA61BD00FFDE59 /* swapi */,
			);
		};
/* End PBXProject section */

/* Begin PBXResourcesBuildPhase section */
		DBBD6DE428DA61BD00FFDE59 /* Resources */ = {
			isa = PBXResourcesBuildPhase;
			buildActionMask = 2147483647;
			files = (
				DBBD6DF628DA61BE00FFDE59 /* LaunchScreen.storyboard in Resources */,
				DBBD6DF328DA61BE00FFDE59 /* Assets.xcassets in Resources */,
				DBBD6DF128DA61BD00FFDE59 /* Main.storyboard in Resources */,
			);
			runOnlyForDeploymentPostprocessing = 0;
		};
/* End PBXResourcesBuildPhase section */

/* Begin PBXSourcesBuildPhase section */
		DBBD6DE228DA61BD00FFDE59 /* Sources */ = {
			isa = PBXSourcesBuildPhase;
			buildActionMask = 2147483647;
			files = (
				DBBD6DFE28DA632B00FFDE59 /* SWAPI_Helper.swift in Sources */,
				DBBD6DEE28DA61BD00FFDE59 /* ViewController.swift in Sources */,
				DBBD6DEA28DA61BD00FFDE59 /* AppDelegate.swift in Sources */,
				DBBD6DEC28DA61BD00FFDE59 /* SceneDelegate.swift in Sources */,
			);
			runOnlyForDeploymentPostprocessing = 0;
		};
/* End PBXSourcesBuildPhase section */

/* Begin PBXVariantGroup section */
		DBBD6DEF28DA61BD00FFDE59 /* Main.storyboard */ = {
			isa = PBXVariantGroup;
			children = (
				DBBD6DF028DA61BD00FFDE59 /* Base */,
			);
			name = Main.storyboard;
			sourceTree = "<group>";
		};
		DBBD6DF428DA61BE00FFDE59 /* LaunchScreen.storyboard */ = {
			isa = PBXVariantGroup;
			children = (
				DBBD6DF528DA61BE00FFDE59 /* Base */,
			);
			name = LaunchScreen.storyboard;
			sourceTree = "<group>";
		};
/* End PBXVariantGroup section */

/* Begin XCBuildConfiguration section */
		DBBD6DF828DA61BE00FFDE59 /* Debug */ = {
			isa = XCBuildConfiguration;
			buildSettings = {
				ALWAYS_SEARCH_USER_PATHS = NO;
				CLANG_ANALYZER_NONNULL = YES;
				CLANG_ANALYZER_NUMBER_OBJECT_CONVERSION = YES_AGGRESSIVE;
				CLANG_CXX_LANGUAGE_STANDARD = "gnu++20";
				CLANG_ENABLE_MODULES = YES;
				CLANG_ENABLE_OBJC_ARC = YES;
				CLANG_ENABLE_OBJC_WEAK = YES;
				CLANG_WARN_BLOCK_CAPTURE_AUTORELEASING = YES;
				CLANG_WARN_BOOL_CONVERSION = YES;
				CLANG_WARN_COMMA = YES;
				CLANG_WARN_CONSTANT_CONVERSION = YES;
				CLANG_WARN_DEPRECATED_OBJC_IMPLEMENTATIONS = YES;
				CLANG_WARN_DIRECT_OBJC_ISA_USAGE = YES_ERROR;
				CLANG_WARN_DOCUMENTATION_COMMENTS = YES;
				CLANG_WARN_EMPTY_BODY = YES;
				CLANG_WARN_ENUM_CONVERSION = YES;
				CLANG_WARN_INFINITE_RECURSION = YES;
				CLANG_WARN_INT_CONVERSION = YES;
				CLANG_WARN_NON_LITERAL_NULL_CONVERSION = YES;
				CLANG_WARN_OBJC_IMPLICIT_RETAIN_SELF = YES;
				CLANG_WARN_OBJC_LITERAL_CONVERSION = YES;
				CLANG_WARN_OBJC_ROOT_CLASS = YES_ERROR;
				CLANG_WARN_QUOTED_INCLUDE_IN_FRAMEWORK_HEADER = YES;
				CLANG_WARN_RANGE_LOOP_ANALYSIS = YES;
				CLANG_WARN_STRICT_PROTOTYPES = YES;
				CLANG_WARN_SUSPICIOUS_MOVE = YES;
				CLANG_WARN_UNGUARDED_AVAILABILITY = YES_AGGRESSIVE;
				CLANG_WARN_UNREACHABLE_CODE = YES;
				CLANG_WARN__DUPLICATE_METHOD_MATCH = YES;
				COPY_PHASE_STRIP = NO;
				DEBUG_INFORMATION_FORMAT = dwarf;
				ENABLE_STRICT_OBJC_MSGSEND = YES;
				ENABLE_TESTABILITY = YES;
				GCC_C_LANGUAGE_STANDARD = gnu11;
				GCC_DYNAMIC_NO_PIC = NO;
				GCC_NO_COMMON_BLOCKS = YES;
				GCC_OPTIMIZATION_LEVEL = 0;
				GCC_PREPROCESSOR_DEFINITIONS = (
					"DEBUG=1",
					"$(inherited)",
				);
				GCC_WARN_64_TO_32_BIT_CONVERSION = YES;
				GCC_WARN_ABOUT_RETURN_TYPE = YES_ERROR;
				GCC_WARN_UNDECLARED_SELECTOR = YES;
				GCC_WARN_UNINITIALIZED_AUTOS = YES_AGGRESSIVE;
				GCC_WARN_UNUSED_FUNCTION = YES;
				GCC_WARN_UNUSED_VARIABLE = YES;
				IPHONEOS_DEPLOYMENT_TARGET = 16.0;
				MTL_ENABLE_DEBUG_INFO = INCLUDE_SOURCE;
				MTL_FAST_MATH = YES;
				ONLY_ACTIVE_ARCH = YES;
				SDKROOT = iphoneos;
				SWIFT_ACTIVE_COMPILATION_CONDITIONS = DEBUG;
				SWIFT_OPTIMIZATION_LEVEL = "-Onone";
			};
			name = Debug;
		};
		DBBD6DF928DA61BE00FFDE59 /* Release */ = {
			isa = XCBuildConfiguration;
			buildSettings = {
				ALWAYS_SEARCH_USER_PATHS = NO;
				CLANG_ANALYZER_NONNULL = YES;
				CLANG_ANALYZER_NUMBER_OBJECT_CONVERSION = YES_AGGRESSIVE;
				CLANG_CXX_LANGUAGE_STANDARD = "gnu++20";
				CLANG_ENABLE_MODULES = YES;
				CLANG_ENABLE_OBJC_ARC = YES;
				CLANG_ENABLE_OBJC_WEAK = YES;
				CLANG_WARN_BLOCK_CAPTURE_AUTORELEASING = YES;
				CLANG_WARN_BOOL_CONVERSION = YES;
				CLANG_WARN_COMMA = YES;
				CLANG_WARN_CONSTANT_CONVERSION = YES;
				CLANG_WARN_DEPRECATED_OBJC_IMPLEMENTATIONS = YES;
				CLANG_WARN_DIRECT_OBJC_ISA_USAGE = YES_ERROR;
				CLANG_WARN_DOCUMENTATION_COMMENTS = YES;
				CLANG_WARN_EMPTY_BODY = YES;
				CLANG_WARN_ENUM_CONVERSION = YES;
				CLANG_WARN_INFINITE_RECURSION = YES;
				CLANG_WARN_INT_CONVERSION = YES;
				CLANG_WARN_NON_LITERAL_NULL_CONVERSION = YES;
				CLANG_WARN_OBJC_IMPLICIT_RETAIN_SELF = YES;
				CLANG_WARN_OBJC_LITERAL_CONVERSION = YES;
				CLANG_WARN_OBJC_ROOT_CLASS = YES_ERROR;
				CLANG_WARN_QUOTED_INCLUDE_IN_FRAMEWORK_HEADER = YES;
				CLANG_WARN_RANGE_LOOP_ANALYSIS = YES;
				CLANG_WARN_STRICT_PROTOTYPES = YES;
				CLANG_WARN_SUSPICIOUS_MOVE = YES;
				CLANG_WARN_UNGUARDED_AVAILABILITY = YES_AGGRESSIVE;
				CLANG_WARN_UNREACHABLE_CODE = YES;
				CLANG_WARN__DUPLICATE_METHOD_MATCH = YES;
				COPY_PHASE_STRIP = NO;
				DEBUG_INFORMATION_FORMAT = "dwarf-with-dsym";
				ENABLE_NS_ASSERTIONS = NO;
				ENABLE_STRICT_OBJC_MSGSEND = YES;
				GCC_C_LANGUAGE_STANDARD = gnu11;
				GCC_NO_COMMON_BLOCKS = YES;
				GCC_WARN_64_TO_32_BIT_CONVERSION = YES;
				GCC_WARN_ABOUT_RETURN_TYPE = YES_ERROR;
				GCC_WARN_UNDECLARED_SELECTOR = YES;
				GCC_WARN_UNINITIALIZED_AUTOS = YES_AGGRESSIVE;
				GCC_WARN_UNUSED_FUNCTION = YES;
				GCC_WARN_UNUSED_VARIABLE = YES;
				IPHONEOS_DEPLOYMENT_TARGET = 16.0;
				MTL_ENABLE_DEBUG_INFO = NO;
				MTL_FAST_MATH = YES;
				SDKROOT = iphoneos;
				SWIFT_COMPILATION_MODE = wholemodule;
				SWIFT_OPTIMIZATION_LEVEL = "-O";
				VALIDATE_PRODUCT = YES;
			};
			name = Release;
		};
		DBBD6DFB28DA61BE00FFDE59 /* Debug */ = {
			isa = XCBuildConfiguration;
			buildSettings = {
				ASSETCATALOG_COMPILER_APPICON_NAME = AppIcon;
				ASSETCATALOG_COMPILER_GLOBAL_ACCENT_COLOR_NAME = AccentColor;
				CODE_SIGN_STYLE = Automatic;
				CURRENT_PROJECT_VERSION = 1;
				GENERATE_INFOPLIST_FILE = YES;
				INFOPLIST_FILE = swapi/Info.plist;
				INFOPLIST_KEY_UIApplicationSupportsIndirectInputEvents = YES;
				INFOPLIST_KEY_UILaunchStoryboardName = LaunchScreen;
				INFOPLIST_KEY_UIMainStoryboardFile = Main;
				INFOPLIST_KEY_UISupportedInterfaceOrientations_iPad = "UIInterfaceOrientationPortrait UIInterfaceOrientationPortraitUpsideDown UIInterfaceOrientationLandscapeLeft UIInterfaceOrientationLandscapeRight";
				INFOPLIST_KEY_UISupportedInterfaceOrientations_iPhone = "UIInterfaceOrientationPortrait UIInterfaceOrientationLandscapeLeft UIInterfaceOrientationLandscapeRight";
				LD_RUNPATH_SEARCH_PATHS = (
					"$(inherited)",
					"@executable_path/Frameworks",
				);
				MARKETING_VERSION = 1.0;
				PRODUCT_BUNDLE_IDENTIFIER = jv658.swapi;
				PRODUCT_NAME = "$(TARGET_NAME)";
				SWIFT_EMIT_LOC_STRINGS = YES;
				SWIFT_VERSION = 5.0;
				TARGETED_DEVICE_FAMILY = "1,2";
			};
			name = Debug;
		};
		DBBD6DFC28DA61BE00FFDE59 /* Release */ = {
			isa = XCBuildConfiguration;
			buildSettings = {
				ASSETCATALOG_COMPILER_APPICON_NAME = AppIcon;
				ASSETCATALOG_COMPILER_GLOBAL_ACCENT_COLOR_NAME = AccentColor;
				CODE_SIGN_STYLE = Automatic;
				CURRENT_PROJECT_VERSION = 1;
				GENERATE_INFOPLIST_FILE = YES;
				INFOPLIST_FILE = swapi/Info.plist;
				INFOPLIST_KEY_UIApplicationSupportsIndirectInputEvents = YES;
				INFOPLIST_KEY_UILaunchStoryboardName = LaunchScreen;
				INFOPLIST_KEY_UIMainStoryboardFile = Main;
				INFOPLIST_KEY_UISupportedInterfaceOrientations_iPad = "UIInterfaceOrientationPortrait UIInterfaceOrientationPortraitUpsideDown UIInterfaceOrientationLandscapeLeft UIInterfaceOrientationLandscapeRight";
				INFOPLIST_KEY_UISupportedInterfaceOrientations_iPhone = "UIInterfaceOrientationPortrait UIInterfaceOrientationLandscapeLeft UIInterfaceOrientationLandscapeRight";
				LD_RUNPATH_SEARCH_PATHS = (
					"$(inherited)",
					"@executable_path/Frameworks",
				);
				MARKETING_VERSION = 1.0;
				PRODUCT_BUNDLE_IDENTIFIER = jv658.swapi;
				PRODUCT_NAME = "$(TARGET_NAME)";
				SWIFT_EMIT_LOC_STRINGS = YES;
				SWIFT_VERSION = 5.0;
				TARGETED_DEVICE_FAMILY = "1,2";
			};
			name = Release;
		};
/* End XCBuildConfiguration section */

/* Begin XCConfigurationList section */
		DBBD6DE128DA61BD00FFDE59 /* Build configuration list for PBXProject "swapi" */ = {
			isa = XCConfigurationList;
			buildConfigurations = (
				DBBD6DF828DA61BE00FFDE59 /* Debug */,
				DBBD6DF928DA61BE00FFDE59 /* Release */,
			);
			defaultConfigurationIsVisible = 0;
			defaultConfigurationName = Release;
		};
		DBBD6DFA28DA61BE00FFDE59 /* Build configuration list for PBXNativeTarget "swapi" */ = {
			isa = XCConfigurationList;
			buildConfigurations = (
				DBBD6DFB28DA61BE00FFDE59 /* Debug */,
				DBBD6DFC28DA61BE00FFDE59 /* Release */,
			);
			defaultConfigurationIsVisible = 0;
			defaultConfigurationName = Release;
		};
/* End XCConfigurationList section */
	};
	rootObject = DBBD6DDE28DA61BD00FFDE59 /* Project object */;
}
